// !$*UTF8*$!
{
	archiveVersion = 1;
	classes = {
	};
	objectVersion = 56;
	objects = {

/* Begin PBXBuildFile section */
		7D4BD6482A39C18F00E5C36B /* GameComponentExampleApp.swift in Sources */ = {isa = PBXBuildFile; fileRef = 7D4BD6472A39C18F00E5C36B /* GameComponentExampleApp.swift */; };
		7D4BD64A2A39C18F00E5C36B /* ContentView.swift in Sources */ = {isa = PBXBuildFile; fileRef = 7D4BD6492A39C18F00E5C36B /* ContentView.swift */; };
		7D4BD64C2A39C19100E5C36B /* Assets.xcassets in Resources */ = {isa = PBXBuildFile; fileRef = 7D4BD64B2A39C19100E5C36B /* Assets.xcassets */; };
		7D4BD64F2A39C19100E5C36B /* Preview Assets.xcassets in Resources */ = {isa = PBXBuildFile; fileRef = 7D4BD64E2A39C19100E5C36B /* Preview Assets.xcassets */; };
		7D4BD6562A39C24800E5C36B /* GameScene.swift in Sources */ = {isa = PBXBuildFile; fileRef = 7D4BD6552A39C24800E5C36B /* GameScene.swift */; };
		7D4BD6592A39C7F500E5C36B /* CharacterVisualComponent.swift in Sources */ = {isa = PBXBuildFile; fileRef = 7D4BD6582A39C7F500E5C36B /* CharacterVisualComponent.swift */; };
		7D4BD65B2A39CC3200E5C36B /* ControlComponent.swift in Sources */ = {isa = PBXBuildFile; fileRef = 7D4BD65A2A39CC3200E5C36B /* ControlComponent.swift */; };
		7D4BD65D2A3ACFE000E5C36B /* ShootComponent.swift in Sources */ = {isa = PBXBuildFile; fileRef = 7D4BD65C2A3ACFE000E5C36B /* ShootComponent.swift */; };
		7D4BD65F2A3AD02100E5C36B /* PhysicsBodyComponent.swift in Sources */ = {isa = PBXBuildFile; fileRef = 7D4BD65E2A3AD02100E5C36B /* PhysicsBodyComponent.swift */; };
		7D4BD6612A3AFFC700E5C36B /* EnemyComponent.swift in Sources */ = {isa = PBXBuildFile; fileRef = 7D4BD6602A3AFFC700E5C36B /* EnemyComponent.swift */; };
		7D4BD6632A3B06B100E5C36B /* DestroyComponent.swift in Sources */ = {isa = PBXBuildFile; fileRef = 7D4BD6622A3B06B100E5C36B /* DestroyComponent.swift */; };
		7D4BD6652A3BF86500E5C36B /* HealthComponent.swift in Sources */ = {isa = PBXBuildFile; fileRef = 7D4BD6642A3BF86500E5C36B /* HealthComponent.swift */; };
		7D4BD66A2A3BF9D400E5C36B /* MainPlayerComponent.swift in Sources */ = {isa = PBXBuildFile; fileRef = 7D4BD6692A3BF9D400E5C36B /* MainPlayerComponent.swift */; };
		7D4BD66D2A3BFD8B00E5C36B /* NodesName.swift in Sources */ = {isa = PBXBuildFile; fileRef = 7D4BD66C2A3BFD8B00E5C36B /* NodesName.swift */; };
		7D4BD6C12A41B62300E5C36B /* EnemyAimingComponent.swift in Sources */ = {isa = PBXBuildFile; fileRef = 7D4BD6C02A41B62300E5C36B /* EnemyAimingComponent.swift */; };
/* End PBXBuildFile section */

/* Begin PBXFileReference section */
		7D4BD6442A39C18F00E5C36B /* GameComponentExample.app */ = {isa = PBXFileReference; explicitFileType = wrapper.application; includeInIndex = 0; path = GameComponentExample.app; sourceTree = BUILT_PRODUCTS_DIR; };
		7D4BD6472A39C18F00E5C36B /* GameComponentExampleApp.swift */ = {isa = PBXFileReference; lastKnownFileType = sourcecode.swift; path = GameComponentExampleApp.swift; sourceTree = "<group>"; };
		7D4BD6492A39C18F00E5C36B /* ContentView.swift */ = {isa = PBXFileReference; lastKnownFileType = sourcecode.swift; path = ContentView.swift; sourceTree = "<group>"; };
		7D4BD64B2A39C19100E5C36B /* Assets.xcassets */ = {isa = PBXFileReference; lastKnownFileType = folder.assetcatalog; path = Assets.xcassets; sourceTree = "<group>"; };
		7D4BD64E2A39C19100E5C36B /* Preview Assets.xcassets */ = {isa = PBXFileReference; lastKnownFileType = folder.assetcatalog; path = "Preview Assets.xcassets"; sourceTree = "<group>"; };
		7D4BD6552A39C24800E5C36B /* GameScene.swift */ = {isa = PBXFileReference; lastKnownFileType = sourcecode.swift; path = GameScene.swift; sourceTree = "<group>"; };
		7D4BD6582A39C7F500E5C36B /* CharacterVisualComponent.swift */ = {isa = PBXFileReference; lastKnownFileType = sourcecode.swift; path = CharacterVisualComponent.swift; sourceTree = "<group>"; };
		7D4BD65A2A39CC3200E5C36B /* ControlComponent.swift */ = {isa = PBXFileReference; lastKnownFileType = sourcecode.swift; path = ControlComponent.swift; sourceTree = "<group>"; };
		7D4BD65C2A3ACFE000E5C36B /* ShootComponent.swift */ = {isa = PBXFileReference; lastKnownFileType = sourcecode.swift; path = ShootComponent.swift; sourceTree = "<group>"; };
		7D4BD65E2A3AD02100E5C36B /* PhysicsBodyComponent.swift */ = {isa = PBXFileReference; lastKnownFileType = sourcecode.swift; path = PhysicsBodyComponent.swift; sourceTree = "<group>"; };
		7D4BD6602A3AFFC700E5C36B /* EnemyComponent.swift */ = {isa = PBXFileReference; lastKnownFileType = sourcecode.swift; path = EnemyComponent.swift; sourceTree = "<group>"; };
		7D4BD6622A3B06B100E5C36B /* DestroyComponent.swift */ = {isa = PBXFileReference; lastKnownFileType = sourcecode.swift; path = DestroyComponent.swift; sourceTree = "<group>"; };
		7D4BD6642A3BF86500E5C36B /* HealthComponent.swift */ = {isa = PBXFileReference; lastKnownFileType = sourcecode.swift; path = HealthComponent.swift; sourceTree = "<group>"; };
		7D4BD6692A3BF9D400E5C36B /* MainPlayerComponent.swift */ = {isa = PBXFileReference; lastKnownFileType = sourcecode.swift; path = MainPlayerComponent.swift; sourceTree = "<group>"; };
		7D4BD66C2A3BFD8B00E5C36B /* NodesName.swift */ = {isa = PBXFileReference; lastKnownFileType = sourcecode.swift; path = NodesName.swift; sourceTree = "<group>"; };
		7D4BD6C02A41B62300E5C36B /* EnemyAimingComponent.swift */ = {isa = PBXFileReference; lastKnownFileType = sourcecode.swift; path = EnemyAimingComponent.swift; sourceTree = "<group>"; };
/* End PBXFileReference section */

/* Begin PBXFrameworksBuildPhase section */
		7D4BD6412A39C18F00E5C36B /* Frameworks */ = {
			isa = PBXFrameworksBuildPhase;
			buildActionMask = 2147483647;
			files = (
			);
			runOnlyForDeploymentPostprocessing = 0;
		};
/* End PBXFrameworksBuildPhase section */

/* Begin PBXGroup section */
		7D4BD63B2A39C18F00E5C36B = {
			isa = PBXGroup;
			children = (
				7D4BD6462A39C18F00E5C36B /* GameComponentExample */,
				7D4BD6452A39C18F00E5C36B /* Products */,
			);
			sourceTree = "<group>";
		};
		7D4BD6452A39C18F00E5C36B /* Products */ = {
			isa = PBXGroup;
			children = (
				7D4BD6442A39C18F00E5C36B /* GameComponentExample.app */,
			);
			name = Products;
			sourceTree = "<group>";
		};
		7D4BD6462A39C18F00E5C36B /* GameComponentExample */ = {
			isa = PBXGroup;
			children = (
				7D4BD6472A39C18F00E5C36B /* GameComponentExampleApp.swift */,
				7D4BD6492A39C18F00E5C36B /* ContentView.swift */,
				7D4BD66B2A3BFD7800E5C36B /* Config */,
				7D4BD6662A3BF88F00E5C36B /* Game Scenes */,
				7D4BD6572A39C7E100E5C36B /* Components */,
				7D4BD64B2A39C19100E5C36B /* Assets.xcassets */,
				7D4BD64D2A39C19100E5C36B /* Preview Content */,
			);
			path = GameComponentExample;
			sourceTree = "<group>";
		};
		7D4BD64D2A39C19100E5C36B /* Preview Content */ = {
			isa = PBXGroup;
			children = (
				7D4BD64E2A39C19100E5C36B /* Preview Assets.xcassets */,
			);
			path = "Preview Content";
			sourceTree = "<group>";
		};
		7D4BD6572A39C7E100E5C36B /* Components */ = {
			isa = PBXGroup;
			children = (
				7D4BD6582A39C7F500E5C36B /* CharacterVisualComponent.swift */,
				7D4BD65A2A39CC3200E5C36B /* ControlComponent.swift */,
				7D4BD65C2A3ACFE000E5C36B /* ShootComponent.swift */,
				7D4BD6602A3AFFC700E5C36B /* EnemyComponent.swift */,
				7D4BD6C02A41B62300E5C36B /* EnemyAimingComponent.swift */,
				7D4BD65E2A3AD02100E5C36B /* PhysicsBodyComponent.swift */,
				7D4BD6622A3B06B100E5C36B /* DestroyComponent.swift */,
				7D4BD6642A3BF86500E5C36B /* HealthComponent.swift */,
				7D4BD6692A3BF9D400E5C36B /* MainPlayerComponent.swift */,
			);
			path = Components;
			sourceTree = "<group>";
		};
		7D4BD6662A3BF88F00E5C36B /* Game Scenes */ = {
			isa = PBXGroup;
			children = (
				7D4BD6672A3BF89F00E5C36B /* GamePlay Scene */,
			);
			path = "Game Scenes";
			sourceTree = "<group>";
		};
		7D4BD6672A3BF89F00E5C36B /* GamePlay Scene */ = {
			isa = PBXGroup;
			children = (
				7D4BD6682A3BF95200E5C36B /* Entities */,
				7D4BD6552A39C24800E5C36B /* GameScene.swift */,
			);
			path = "GamePlay Scene";
			sourceTree = "<group>";
		};
		7D4BD6682A3BF95200E5C36B /* Entities */ = {
			isa = PBXGroup;
			children = (
			);
			path = Entities;
			sourceTree = "<group>";
		};
		7D4BD66B2A3BFD7800E5C36B /* Config */ = {
			isa = PBXGroup;
			children = (
				7D4BD66C2A3BFD8B00E5C36B /* NodesName.swift */,
			);
			path = Config;
			sourceTree = "<group>";
		};
/* End PBXGroup section */

/* Begin PBXNativeTarget section */
		7D4BD6432A39C18F00E5C36B /* GameComponentExample */ = {
			isa = PBXNativeTarget;
			buildConfigurationList = 7D4BD6522A39C19100E5C36B /* Build configuration list for PBXNativeTarget "GameComponentExample" */;
			buildPhases = (
				7D4BD6402A39C18F00E5C36B /* Sources */,
				7D4BD6412A39C18F00E5C36B /* Frameworks */,
				7D4BD6422A39C18F00E5C36B /* Resources */,
			);
			buildRules = (
			);
			dependencies = (
			);
			name = GameComponentExample;
			productName = GameComponentExample;
			productReference = 7D4BD6442A39C18F00E5C36B /* GameComponentExample.app */;
			productType = "com.apple.product-type.application";
		};
/* End PBXNativeTarget section */

/* Begin PBXProject section */
		7D4BD63C2A39C18F00E5C36B /* Project object */ = {
			isa = PBXProject;
			attributes = {
				BuildIndependentTargetsInParallel = 1;
				LastSwiftUpdateCheck = 1420;
				LastUpgradeCheck = 1420;
				TargetAttributes = {
					7D4BD6432A39C18F00E5C36B = {
						CreatedOnToolsVersion = 14.2;
					};
				};
			};
			buildConfigurationList = 7D4BD63F2A39C18F00E5C36B /* Build configuration list for PBXProject "GameComponentExample" */;
			compatibilityVersion = "Xcode 14.0";
			developmentRegion = en;
			hasScannedForEncodings = 0;
			knownRegions = (
				en,
				Base,
			);
			mainGroup = 7D4BD63B2A39C18F00E5C36B;
			productRefGroup = 7D4BD6452A39C18F00E5C36B /* Products */;
			projectDirPath = "";
			projectRoot = "";
			targets = (
				7D4BD6432A39C18F00E5C36B /* GameComponentExample */,
			);
		};
/* End PBXProject section */

/* Begin PBXResourcesBuildPhase section */
		7D4BD6422A39C18F00E5C36B /* Resources */ = {
			isa = PBXResourcesBuildPhase;
			buildActionMask = 2147483647;
			files = (
				7D4BD64F2A39C19100E5C36B /* Preview Assets.xcassets in Resources */,
				7D4BD64C2A39C19100E5C36B /* Assets.xcassets in Resources */,
			);
			runOnlyForDeploymentPostprocessing = 0;
		};
/* End PBXResourcesBuildPhase section */

/* Begin PBXSourcesBuildPhase section */
		7D4BD6402A39C18F00E5C36B /* Sources */ = {
			isa = PBXSourcesBuildPhase;
			buildActionMask = 2147483647;
			files = (
				7D4BD6C12A41B62300E5C36B /* EnemyAimingComponent.swift in Sources */,
				7D4BD6612A3AFFC700E5C36B /* EnemyComponent.swift in Sources */,
				7D4BD6562A39C24800E5C36B /* GameScene.swift in Sources */,
				7D4BD64A2A39C18F00E5C36B /* ContentView.swift in Sources */,
				7D4BD6652A3BF86500E5C36B /* HealthComponent.swift in Sources */,
				7D4BD6592A39C7F500E5C36B /* CharacterVisualComponent.swift in Sources */,
				7D4BD6632A3B06B100E5C36B /* DestroyComponent.swift in Sources */,
				7D4BD6482A39C18F00E5C36B /* GameComponentExampleApp.swift in Sources */,
				7D4BD66A2A3BF9D400E5C36B /* MainPlayerComponent.swift in Sources */,
				7D4BD66D2A3BFD8B00E5C36B /* NodesName.swift in Sources */,
				7D4BD65F2A3AD02100E5C36B /* PhysicsBodyComponent.swift in Sources */,
				7D4BD65B2A39CC3200E5C36B /* ControlComponent.swift in Sources */,
				7D4BD65D2A3ACFE000E5C36B /* ShootComponent.swift in Sources */,
			);
			runOnlyForDeploymentPostprocessing = 0;
		};
/* End PBXSourcesBuildPhase section */

/* Begin XCBuildConfiguration section */
		7D4BD6502A39C19100E5C36B /* Debug */ = {
			isa = XCBuildConfiguration;
			buildSettings = {
				ALWAYS_SEARCH_USER_PATHS = NO;
				CLANG_ANALYZER_NONNULL = YES;
				CLANG_ANALYZER_NUMBER_OBJECT_CONVERSION = YES_AGGRESSIVE;
				CLANG_CXX_LANGUAGE_STANDARD = "gnu++20";
				CLANG_ENABLE_MODULES = YES;
				CLANG_ENABLE_OBJC_ARC = YES;
				CLANG_ENABLE_OBJC_WEAK = YES;
				CLANG_WARN_BLOCK_CAPTURE_AUTORELEASING = YES;
				CLANG_WARN_BOOL_CONVERSION = YES;
				CLANG_WARN_COMMA = YES;
				CLANG_WARN_CONSTANT_CONVERSION = YES;
				CLANG_WARN_DEPRECATED_OBJC_IMPLEMENTATIONS = YES;
				CLANG_WARN_DIRECT_OBJC_ISA_USAGE = YES_ERROR;
				CLANG_WARN_DOCUMENTATION_COMMENTS = YES;
				CLANG_WARN_EMPTY_BODY = YES;
				CLANG_WARN_ENUM_CONVERSION = YES;
				CLANG_WARN_INFINITE_RECURSION = YES;
				CLANG_WARN_INT_CONVERSION = YES;
				CLANG_WARN_NON_LITERAL_NULL_CONVERSION = YES;
				CLANG_WARN_OBJC_IMPLICIT_RETAIN_SELF = YES;
				CLANG_WARN_OBJC_LITERAL_CONVERSION = YES;
				CLANG_WARN_OBJC_ROOT_CLASS = YES_ERROR;
				CLANG_WARN_QUOTED_INCLUDE_IN_FRAMEWORK_HEADER = YES;
				CLANG_WARN_RANGE_LOOP_ANALYSIS = YES;
				CLANG_WARN_STRICT_PROTOTYPES = YES;
				CLANG_WARN_SUSPICIOUS_MOVE = YES;
				CLANG_WARN_UNGUARDED_AVAILABILITY = YES_AGGRESSIVE;
				CLANG_WARN_UNREACHABLE_CODE = YES;
				CLANG_WARN__DUPLICATE_METHOD_MATCH = YES;
				COPY_PHASE_STRIP = NO;
				DEBUG_INFORMATION_FORMAT = dwarf;
				ENABLE_STRICT_OBJC_MSGSEND = YES;
				ENABLE_TESTABILITY = YES;
				GCC_C_LANGUAGE_STANDARD = gnu11;
				GCC_DYNAMIC_NO_PIC = NO;
				GCC_NO_COMMON_BLOCKS = YES;
				GCC_OPTIMIZATION_LEVEL = 0;
				GCC_PREPROCESSOR_DEFINITIONS = (
					"DEBUG=1",
					"$(inherited)",
				);
				GCC_WARN_64_TO_32_BIT_CONVERSION = YES;
				GCC_WARN_ABOUT_RETURN_TYPE = YES_ERROR;
				GCC_WARN_UNDECLARED_SELECTOR = YES;
				GCC_WARN_UNINITIALIZED_AUTOS = YES_AGGRESSIVE;
				GCC_WARN_UNUSED_FUNCTION = YES;
				GCC_WARN_UNUSED_VARIABLE = YES;
				IPHONEOS_DEPLOYMENT_TARGET = 16.2;
				MTL_ENABLE_DEBUG_INFO = INCLUDE_SOURCE;
				MTL_FAST_MATH = YES;
				ONLY_ACTIVE_ARCH = YES;
				SDKROOT = iphoneos;
				SWIFT_ACTIVE_COMPILATION_CONDITIONS = DEBUG;
				SWIFT_OPTIMIZATION_LEVEL = "-Onone";
			};
			name = Debug;
		};
		7D4BD6512A39C19100E5C36B /* Release */ = {
			isa = XCBuildConfiguration;
			buildSettings = {
				ALWAYS_SEARCH_USER_PATHS = NO;
				CLANG_ANALYZER_NONNULL = YES;
				CLANG_ANALYZER_NUMBER_OBJECT_CONVERSION = YES_AGGRESSIVE;
				CLANG_CXX_LANGUAGE_STANDARD = "gnu++20";
				CLANG_ENABLE_MODULES = YES;
				CLANG_ENABLE_OBJC_ARC = YES;
				CLANG_ENABLE_OBJC_WEAK = YES;
				CLANG_WARN_BLOCK_CAPTURE_AUTORELEASING = YES;
				CLANG_WARN_BOOL_CONVERSION = YES;
				CLANG_WARN_COMMA = YES;
				CLANG_WARN_CONSTANT_CONVERSION = YES;
				CLANG_WARN_DEPRECATED_OBJC_IMPLEMENTATIONS = YES;
				CLANG_WARN_DIRECT_OBJC_ISA_USAGE = YES_ERROR;
				CLANG_WARN_DOCUMENTATION_COMMENTS = YES;
				CLANG_WARN_EMPTY_BODY = YES;
				CLANG_WARN_ENUM_CONVERSION = YES;
				CLANG_WARN_INFINITE_RECURSION = YES;
				CLANG_WARN_INT_CONVERSION = YES;
				CLANG_WARN_NON_LITERAL_NULL_CONVERSION = YES;
				CLANG_WARN_OBJC_IMPLICIT_RETAIN_SELF = YES;
				CLANG_WARN_OBJC_LITERAL_CONVERSION = YES;
				CLANG_WARN_OBJC_ROOT_CLASS = YES_ERROR;
				CLANG_WARN_QUOTED_INCLUDE_IN_FRAMEWORK_HEADER = YES;
				CLANG_WARN_RANGE_LOOP_ANALYSIS = YES;
				CLANG_WARN_STRICT_PROTOTYPES = YES;
				CLANG_WARN_SUSPICIOUS_MOVE = YES;
				CLANG_WARN_UNGUARDED_AVAILABILITY = YES_AGGRESSIVE;
				CLANG_WARN_UNREACHABLE_CODE = YES;
				CLANG_WARN__DUPLICATE_METHOD_MATCH = YES;
				COPY_PHASE_STRIP = NO;
				DEBUG_INFORMATION_FORMAT = "dwarf-with-dsym";
				ENABLE_NS_ASSERTIONS = NO;
				ENABLE_STRICT_OBJC_MSGSEND = YES;
				GCC_C_LANGUAGE_STANDARD = gnu11;
				GCC_NO_COMMON_BLOCKS = YES;
				GCC_WARN_64_TO_32_BIT_CONVERSION = YES;
				GCC_WARN_ABOUT_RETURN_TYPE = YES_ERROR;
				GCC_WARN_UNDECLARED_SELECTOR = YES;
				GCC_WARN_UNINITIALIZED_AUTOS = YES_AGGRESSIVE;
				GCC_WARN_UNUSED_FUNCTION = YES;
				GCC_WARN_UNUSED_VARIABLE = YES;
				IPHONEOS_DEPLOYMENT_TARGET = 16.2;
				MTL_ENABLE_DEBUG_INFO = NO;
				MTL_FAST_MATH = YES;
				SDKROOT = iphoneos;
				SWIFT_COMPILATION_MODE = wholemodule;
				SWIFT_OPTIMIZATION_LEVEL = "-O";
				VALIDATE_PRODUCT = YES;
			};
			name = Release;
		};
		7D4BD6532A39C19100E5C36B /* Debug */ = {
			isa = XCBuildConfiguration;
			buildSettings = {
				ASSETCATALOG_COMPILER_APPICON_NAME = AppIcon;
				ASSETCATALOG_COMPILER_GLOBAL_ACCENT_COLOR_NAME = AccentColor;
				CODE_SIGN_STYLE = Automatic;
				CURRENT_PROJECT_VERSION = 1;
				DEVELOPMENT_ASSET_PATHS = "\"GameComponentExample/Preview Content\"";
				DEVELOPMENT_TEAM = ZK45DE64XX;
				ENABLE_PREVIEWS = YES;
				GENERATE_INFOPLIST_FILE = YES;
				INFOPLIST_KEY_UIApplicationSceneManifest_Generation = YES;
				INFOPLIST_KEY_UIApplicationSupportsIndirectInputEvents = YES;
				INFOPLIST_KEY_UILaunchScreen_Generation = YES;
				INFOPLIST_KEY_UISupportedInterfaceOrientations_iPad = "UIInterfaceOrientationPortrait UIInterfaceOrientationPortraitUpsideDown UIInterfaceOrientationLandscapeLeft UIInterfaceOrientationLandscapeRight";
				INFOPLIST_KEY_UISupportedInterfaceOrientations_iPhone = "UIInterfaceOrientationPortrait UIInterfaceOrientationLandscapeLeft UIInterfaceOrientationLandscapeRight";
				LD_RUNPATH_SEARCH_PATHS = (
					"$(inherited)",
					"@executable_path/Frameworks",
				);
				MARKETING_VERSION = 1.0;
				PRODUCT_BUNDLE_IDENTIFIER = AppleDeveloperAcademyBinus.GameComponentExample;
				PRODUCT_NAME = "$(TARGET_NAME)";
				SWIFT_EMIT_LOC_STRINGS = YES;
				SWIFT_VERSION = 5.0;
				TARGETED_DEVICE_FAMILY = "1,2";
			};
			name = Debug;
		};
		7D4BD6542A39C19100E5C36B /* Release */ = {
			isa = XCBuildConfiguration;
			buildSettings = {
				ASSETCATALOG_COMPILER_APPICON_NAME = AppIcon;
				ASSETCATALOG_COMPILER_GLOBAL_ACCENT_COLOR_NAME = AccentColor;
				CODE_SIGN_STYLE = Automatic;
				CURRENT_PROJECT_VERSION = 1;
				DEVELOPMENT_ASSET_PATHS = "\"GameComponentExample/Preview Content\"";
				DEVELOPMENT_TEAM = ZK45DE64XX;
				ENABLE_PREVIEWS = YES;
				GENERATE_INFOPLIST_FILE = YES;
				INFOPLIST_KEY_UIApplicationSceneManifest_Generation = YES;
				INFOPLIST_KEY_UIApplicationSupportsIndirectInputEvents = YES;
				INFOPLIST_KEY_UILaunchScreen_Generation = YES;
				INFOPLIST_KEY_UISupportedInterfaceOrientations_iPad = "UIInterfaceOrientationPortrait UIInterfaceOrientationPortraitUpsideDown UIInterfaceOrientationLandscapeLeft UIInterfaceOrientationLandscapeRight";
				INFOPLIST_KEY_UISupportedInterfaceOrientations_iPhone = "UIInterfaceOrientationPortrait UIInterfaceOrientationLandscapeLeft UIInterfaceOrientationLandscapeRight";
				LD_RUNPATH_SEARCH_PATHS = (
					"$(inherited)",
					"@executable_path/Frameworks",
				);
				MARKETING_VERSION = 1.0;
				PRODUCT_BUNDLE_IDENTIFIER = AppleDeveloperAcademyBinus.GameComponentExample;
				PRODUCT_NAME = "$(TARGET_NAME)";
				SWIFT_EMIT_LOC_STRINGS = YES;
				SWIFT_VERSION = 5.0;
				TARGETED_DEVICE_FAMILY = "1,2";
			};
			name = Release;
		};
/* End XCBuildConfiguration section */

/* Begin XCConfigurationList section */
		7D4BD63F2A39C18F00E5C36B /* Build configuration list for PBXProject "GameComponentExample" */ = {
			isa = XCConfigurationList;
			buildConfigurations = (
				7D4BD6502A39C19100E5C36B /* Debug */,
				7D4BD6512A39C19100E5C36B /* Release */,
			);
			defaultConfigurationIsVisible = 0;
			defaultConfigurationName = Release;
		};
		7D4BD6522A39C19100E5C36B /* Build configuration list for PBXNativeTarget "GameComponentExample" */ = {
			isa = XCConfigurationList;
			buildConfigurations = (
				7D4BD6532A39C19100E5C36B /* Debug */,
				7D4BD6542A39C19100E5C36B /* Release */,
			);
			defaultConfigurationIsVisible = 0;
			defaultConfigurationName = Release;
		};
/* End XCConfigurationList section */
	};
	rootObject = 7D4BD63C2A39C18F00E5C36B /* Project object */;
}
